
Microsoft Visual Studio Solution File, Format Version 12.00
# Visual Studio 15
VisualStudioVersion = 15.0.28010.2041
MinimumVisualStudioVersion = 10.0.40219.1
Project("{8BC9CEB8-8B4A-11D0-8D11-00A0C91BC942}") = "IP-Task2", "IP-Task2\IP-Task2.vcxproj", "{F030AE6E-19D4-4620-8959-5C58891A6E08}"
EndProject
Global
	GlobalSection(SolutionConfigurationPlatforms) = preSolution
		Debug|x64 = Debug|x64
		Debug|x86 = Debug|x86
		Release|x64 = Release|x64
		Release|x86 = Release|x86
	EndGlobalSection
	GlobalSection(ProjectConfigurationPlatforms) = postSolution
		{F030AE6E-19D4-4620-8959-5C58891A6E08}.Debug|x64.ActiveCfg = Debug|x64
		{F030AE6E-19D4-4620-8959-5C58891A6E08}.Debug|x64.Build.0 = Debug|x64
		{F030AE6E-19D4-4620-8959-5C58891A6E08}.Debug|x86.ActiveCfg = Debug|x64
		{F030AE6E-19D4-4620-8959-5C58891A6E08}.Debug|x86.Build.0 = Debug|x64
		{F030AE6E-19D4-4620-8959-5C58891A6E08}.Release|x64.ActiveCfg = Release|x64
		{F030AE6E-19D4-4620-8959-5C58891A6E08}.Release|x64.Build.0 = Release|x64
		{F030AE6E-19D4-4620-8959-5C58891A6E08}.Release|x86.ActiveCfg = Release|Win32
		{F030AE6E-19D4-4620-8959-5C58891A6E08}.Release|x86.Build.0 = Release|Win32
	EndGlobalSection
	GlobalSection(SolutionProperties) = preSolution
		HideSolutionNode = FALSE
	EndGlobalSection
	GlobalSection(ExtensibilityGlobals) = postSolution
		SolutionGuid = {0ADA9A89-CCD6-428C-AAB8-F68A0B0251BE}
	EndGlobalSection
EndGlobal
